
Microsoft Visual Studio Solution File, Format Version 12.00
# Visual Studio 15
VisualStudioVersion = 15.0.26730.3
MinimumVisualStudioVersion = 10.0.40219.1
Project("{2150E333-8FDC-42A3-9474-1A3956D46DE8}") = "src", "src", "{A7D44C0F-3B32-4B06-B87E-82EF8B0D83EE}"
EndProject
Project("{2150E333-8FDC-42A3-9474-1A3956D46DE8}") = "global", "global", "{A57DDE17-82B3-4D0E-A4AB-D36F03569A6A}"
	ProjectSection(SolutionItems) = preProject
		LICENSE = LICENSE
		README.md = README.md
	EndProjectSection
EndProject
Project("{2150E333-8FDC-42A3-9474-1A3956D46DE8}") = "test", "test", "{8827548B-9B3F-4B33-A4C6-8033848D6896}"
EndProject
Project("{9A19103F-16F7-4668-BE54-9A1E7A4F7556}") = "RongCloudNetCore", "src\RongCloudNetCore\RongCloudNetCore.csproj", "{B1C4FE2D-F2E4-4784-AF1A-9B9193644251}"
EndProject
Project("{9A19103F-16F7-4668-BE54-9A1E7A4F7556}") = "RongCloudNetCore.UnitTest", "test\RongCloudNetCore.UnitTest\RongCloudNetCore.UnitTest.csproj", "{EBCF5EF3-F58C-44D1-A1DA-52FCB1259716}"
EndProject
Global
	GlobalSection(SolutionConfigurationPlatforms) = preSolution
		Debug|Any CPU = Debug|Any CPU
		Release|Any CPU = Release|Any CPU
	EndGlobalSection
	GlobalSection(ProjectConfigurationPlatforms) = postSolution
		{B1C4FE2D-F2E4-4784-AF1A-9B9193644251}.Debug|Any CPU.ActiveCfg = Debug|Any CPU
		{B1C4FE2D-F2E4-4784-AF1A-9B9193644251}.Debug|Any CPU.Build.0 = Debug|Any CPU
		{B1C4FE2D-F2E4-4784-AF1A-9B9193644251}.Release|Any CPU.ActiveCfg = Release|Any CPU
		{B1C4FE2D-F2E4-4784-AF1A-9B9193644251}.Release|Any CPU.Build.0 = Release|Any CPU
		{EBCF5EF3-F58C-44D1-A1DA-52FCB1259716}.Debug|Any CPU.ActiveCfg = Debug|Any CPU
		{EBCF5EF3-F58C-44D1-A1DA-52FCB1259716}.Debug|Any CPU.Build.0 = Debug|Any CPU
		{EBCF5EF3-F58C-44D1-A1DA-52FCB1259716}.Release|Any CPU.ActiveCfg = Release|Any CPU
		{EBCF5EF3-F58C-44D1-A1DA-52FCB1259716}.Release|Any CPU.Build.0 = Release|Any CPU
	EndGlobalSection
	GlobalSection(SolutionProperties) = preSolution
		HideSolutionNode = FALSE
	EndGlobalSection
	GlobalSection(NestedProjects) = preSolution
		{B1C4FE2D-F2E4-4784-AF1A-9B9193644251} = {A7D44C0F-3B32-4B06-B87E-82EF8B0D83EE}
		{EBCF5EF3-F58C-44D1-A1DA-52FCB1259716} = {8827548B-9B3F-4B33-A4C6-8033848D6896}
	EndGlobalSection
	GlobalSection(ExtensibilityGlobals) = postSolution
		SolutionGuid = {F2D4D638-870F-464A-BE80-FD668D2CA283}
	EndGlobalSection
EndGlobal
